// !$*UTF8*$!
{
	archiveVersion = 1;
	classes = {
	};
	objectVersion = 46;
	objects = {

/* Begin PBXBuildFile section */
		738DF0211C917F7C008F05AF /* main.m in Sources */ = {isa = PBXBuildFile; fileRef = 738DF0201C917F7C008F05AF /* main.m */; };
		738DF0291C917FA6008F05AF /* Rectangle.m in Sources */ = {isa = PBXBuildFile; fileRef = 738DF0281C917FA6008F05AF /* Rectangle.m */; };
		738DF02C1C918008008F05AF /* XYPoint.m in Sources */ = {isa = PBXBuildFile; fileRef = 738DF02B1C918008008F05AF /* XYPoint.m */; };
/* End PBXBuildFile section */

/* Begin PBXCopyFilesBuildPhase section */
		738DF01B1C917F7C008F05AF /* CopyFiles */ = {
			isa = PBXCopyFilesBuildPhase;
			buildActionMask = 2147483647;
			dstPath = /usr/share/man/man1/;
			dstSubfolderSpec = 0;
			files = (
			);
			runOnlyForDeploymentPostprocessing = 1;
		};
/* End PBXCopyFilesBuildPhase section */

/* Begin PBXFileReference section */
		738DF01D1C917F7C008F05AF /* work-8.6 */ = {isa = PBXFileReference; explicitFileType = "compiled.mach-o.executable"; includeInIndex = 0; path = "work-8.6"; sourceTree = BUILT_PRODUCTS_DIR; };
		738DF0201C917F7C008F05AF /* main.m */ = {isa = PBXFileReference; lastKnownFileType = sourcecode.c.objc; path = main.m; sourceTree = "<group>"; };
		738DF0271C917FA6008F05AF /* Rectangle.h */ = {isa = PBXFileReference; fileEncoding = 4; lastKnownFileType = sourcecode.c.h; path = Rectangle.h; sourceTree = "<group>"; };
		738DF0281C917FA6008F05AF /* Rectangle.m */ = {isa = PBXFileReference; fileEncoding = 4; lastKnownFileType = sourcecode.c.objc; path = Rectangle.m; sourceTree = "<group>"; };
		738DF02A1C918008008F05AF /* XYPoint.h */ = {isa = PBXFileReference; fileEncoding = 4; lastKnownFileType = sourcecode.c.h; path = XYPoint.h; sourceTree = "<group>"; };
		738DF02B1C918008008F05AF /* XYPoint.m */ = {isa = PBXFileReference; fileEncoding = 4; lastKnownFileType = sourcecode.c.objc; path = XYPoint.m; sourceTree = "<group>"; };
/* End PBXFileReference section */

/* Begin PBXFrameworksBuildPhase section */
		738DF01A1C917F7C008F05AF /* Frameworks */ = {
			isa = PBXFrameworksBuildPhase;
			buildActionMask = 2147483647;
			files = (
			);
			runOnlyForDeploymentPostprocessing = 0;
		};
/* End PBXFrameworksBuildPhase section */

/* Begin PBXGroup section */
		738DF0141C917F7C008F05AF = {
			isa = PBXGroup;
			children = (
				738DF01F1C917F7C008F05AF /* work-8.6 */,
				738DF01E1C917F7C008F05AF /* Products */,
			);
			sourceTree = "<group>";
		};
		738DF01E1C917F7C008F05AF /* Products */ = {
			isa = PBXGroup;
			children = (
				738DF01D1C917F7C008F05AF /* work-8.6 */,
			);
			name = Products;
			sourceTree = "<group>";
		};
		738DF01F1C917F7C008F05AF /* work-8.6 */ = {
			isa = PBXGroup;
			children = (
				738DF0201C917F7C008F05AF /* main.m */,
				738DF0271C917FA6008F05AF /* Rectangle.h */,
				738DF0281C917FA6008F05AF /* Rectangle.m */,
				738DF02A1C918008008F05AF /* XYPoint.h */,
				738DF02B1C918008008F05AF /* XYPoint.m */,
			);
			path = "work-8.6";
			sourceTree = "<group>";
		};
/* End PBXGroup section */

/* Begin PBXNativeTarget section */
		738DF01C1C917F7C008F05AF /* work-8.6 */ = {
			isa = PBXNativeTarget;
			buildConfigurationList = 738DF0241C917F7C008F05AF /* Build configuration list for PBXNativeTarget "work-8.6" */;
			buildPhases = (
				738DF0191C917F7C008F05AF /* Sources */,
				738DF01A1C917F7C008F05AF /* Frameworks */,
				738DF01B1C917F7C008F05AF /* CopyFiles */,
			);
			buildRules = (
			);
			dependencies = (
			);
			name = "work-8.6";
			productName = "work-8.6";
			productReference = 738DF01D1C917F7C008F05AF /* work-8.6 */;
			productType = "com.apple.product-type.tool";
		};
/* End PBXNativeTarget section */

/* Begin PBXProject section */
		738DF0151C917F7C008F05AF /* Project object */ = {
			isa = PBXProject;
			attributes = {
				LastUpgradeCheck = 0720;
				ORGANIZATIONNAME = "李志宏";
				TargetAttributes = {
					738DF01C1C917F7C008F05AF = {
						CreatedOnToolsVersion = 7.2.1;
					};
				};
			};
			buildConfigurationList = 738DF0181C917F7C008F05AF /* Build configuration list for PBXProject "work-8.6" */;
			compatibilityVersion = "Xcode 3.2";
			developmentRegion = English;
			hasScannedForEncodings = 0;
			knownRegions = (
				en,
			);
			mainGroup = 738DF0141C917F7C008F05AF;
			productRefGroup = 738DF01E1C917F7C008F05AF /* Products */;
			projectDirPath = "";
			projectRoot = "";
			targets = (
				738DF01C1C917F7C008F05AF /* work-8.6 */,
			);
		};
/* End PBXProject section */

/* Begin PBXSourcesBuildPhase section */
		738DF0191C917F7C008F05AF /* Sources */ = {
			isa = PBXSourcesBuildPhase;
			buildActionMask = 2147483647;
			files = (
				738DF0211C917F7C008F05AF /* main.m in Sources */,
				738DF02C1C918008008F05AF /* XYPoint.m in Sources */,
				738DF0291C917FA6008F05AF /* Rectangle.m in Sources */,
			);
			runOnlyForDeploymentPostprocessing = 0;
		};
/* End PBXSourcesBuildPhase section */

/* Begin XCBuildConfiguration section */
		738DF0221C917F7C008F05AF /* Debug */ = {
			isa = XCBuildConfiguration;
			buildSettings = {
				ALWAYS_SEARCH_USER_PATHS = NO;
				CLANG_CXX_LANGUAGE_STANDARD = "gnu++0x";
				CLANG_CXX_LIBRARY = "libc++";
				CLANG_ENABLE_MODULES = YES;
				CLANG_ENABLE_OBJC_ARC = YES;
				CLANG_WARN_BOOL_CONVERSION = YES;
				CLANG_WARN_CONSTANT_CONVERSION = YES;
				CLANG_WARN_DIRECT_OBJC_ISA_USAGE = YES_ERROR;
				CLANG_WARN_EMPTY_BODY = YES;
				CLANG_WARN_ENUM_CONVERSION = YES;
				CLANG_WARN_INT_CONVERSION = YES;
				CLANG_WARN_OBJC_ROOT_CLASS = YES_ERROR;
				CLANG_WARN_UNREACHABLE_CODE = YES;
				CLANG_WARN__DUPLICATE_METHOD_MATCH = YES;
				CODE_SIGN_IDENTITY = "-";
				COPY_PHASE_STRIP = NO;
				DEBUG_INFORMATION_FORMAT = dwarf;
				ENABLE_STRICT_OBJC_MSGSEND = YES;
				ENABLE_TESTABILITY = YES;
				GCC_C_LANGUAGE_STANDARD = gnu99;
				GCC_DYNAMIC_NO_PIC = NO;
				GCC_NO_COMMON_BLOCKS = YES;
				GCC_OPTIMIZATION_LEVEL = 0;
				GCC_PREPROCESSOR_DEFINITIONS = (
					"DEBUG=1",
					"$(inherited)",
				);
				GCC_WARN_64_TO_32_BIT_CONVERSION = YES;
				GCC_WARN_ABOUT_RETURN_TYPE = YES_ERROR;
				GCC_WARN_UNDECLARED_SELECTOR = YES;
				GCC_WARN_UNINITIALIZED_AUTOS = YES_AGGRESSIVE;
				GCC_WARN_UNUSED_FUNCTION = YES;
				GCC_WARN_UNUSED_VARIABLE = YES;
				MACOSX_DEPLOYMENT_TARGET = 10.11;
				MTL_ENABLE_DEBUG_INFO = YES;
				ONLY_ACTIVE_ARCH = YES;
				SDKROOT = macosx;
			};
			name = Debug;
		};
		738DF0231C917F7C008F05AF /* Release */ = {
			isa = XCBuildConfiguration;
			buildSettings = {
				ALWAYS_SEARCH_USER_PATHS = NO;
				CLANG_CXX_LANGUAGE_STANDARD = "gnu++0x";
				CLANG_CXX_LIBRARY = "libc++";
				CLANG_ENABLE_MODULES = YES;
				CLANG_ENABLE_OBJC_ARC = YES;
				CLANG_WARN_BOOL_CONVERSION = YES;
				CLANG_WARN_CONSTANT_CONVERSION = YES;
				CLANG_WARN_DIRECT_OBJC_ISA_USAGE = YES_ERROR;
				CLANG_WARN_EMPTY_BODY = YES;
				CLANG_WARN_ENUM_CONVERSION = YES;
				CLANG_WARN_INT_CONVERSION = YES;
				CLANG_WARN_OBJC_ROOT_CLASS = YES_ERROR;
				CLANG_WARN_UNREACHABLE_CODE = YES;
				CLANG_WARN__DUPLICATE_METHOD_MATCH = YES;
				CODE_SIGN_IDENTITY = "-";
				COPY_PHASE_STRIP = NO;
				DEBUG_INFORMATION_FORMAT = "dwarf-with-dsym";
				ENABLE_NS_ASSERTIONS = NO;
				ENABLE_STRICT_OBJC_MSGSEND = YES;
				GCC_C_LANGUAGE_STANDARD = gnu99;
				GCC_NO_COMMON_BLOCKS = YES;
				GCC_WARN_64_TO_32_BIT_CONVERSION = YES;
				GCC_WARN_ABOUT_RETURN_TYPE = YES_ERROR;
				GCC_WARN_UNDECLARED_SELECTOR = YES;
				GCC_WARN_UNINITIALIZED_AUTOS = YES_AGGRESSIVE;
				GCC_WARN_UNUSED_FUNCTION = YES;
				GCC_WARN_UNUSED_VARIABLE = YES;
				MACOSX_DEPLOYMENT_TARGET = 10.11;
				MTL_ENABLE_DEBUG_INFO = NO;
				SDKROOT = macosx;
			};
			name = Release;
		};
		738DF0251C917F7C008F05AF /* Debug */ = {
			isa = XCBuildConfiguration;
			buildSettings = {
				PRODUCT_NAME = "$(TARGET_NAME)";
			};
			name = Debug;
		};
		738DF0261C917F7C008F05AF /* Release */ = {
			isa = XCBuildConfiguration;
			buildSettings = {
				PRODUCT_NAME = "$(TARGET_NAME)";
			};
			name = Release;
		};
/* End XCBuildConfiguration section */

/* Begin XCConfigurationList section */
		738DF0181C917F7C008F05AF /* Build configuration list for PBXProject "work-8.6" */ = {
			isa = XCConfigurationList;
			buildConfigurations = (
				738DF0221C917F7C008F05AF /* Debug */,
				738DF0231C917F7C008F05AF /* Release */,
			);
			defaultConfigurationIsVisible = 0;
			defaultConfigurationName = Release;
		};
		738DF0241C917F7C008F05AF /* Build configuration list for PBXNativeTarget "work-8.6" */ = {
			isa = XCConfigurationList;
			buildConfigurations = (
				738DF0251C917F7C008F05AF /* Debug */,
				738DF0261C917F7C008F05AF /* Release */,
			);
			defaultConfigurationIsVisible = 0;
		};
/* End XCConfigurationList section */
	};
	rootObject = 738DF0151C917F7C008F05AF /* Project object */;
}
